
Microsoft Visual Studio Solution File, Format Version 12.00
# Visual Studio 15
VisualStudioVersion = 15.0.26430.14
MinimumVisualStudioVersion = 15.0.26124.0
Project("{2150E333-8FDC-42A3-9474-1A3956D46DE8}") = "source", "source", "{1E84F670-C74D-48BF-A9A7-97859D507931}"
EndProject
Project("{9A19103F-16F7-4668-BE54-9A1E7A4F7556}") = "Kamen", "source\Kamen\Kamen.csproj", "{4C9FBDED-B90D-47E0-B8AE-DA8F53A08305}"
EndProject
Project("{2150E333-8FDC-42A3-9474-1A3956D46DE8}") = "tests", "tests", "{1F8105E4-6071-413C-91AD-C522C31DFA33}"
EndProject
Project("{9A19103F-16F7-4668-BE54-9A1E7A4F7556}") = "Kamen.Tests", "tests\Kamen.Tests\Kamen.Tests.csproj", "{E16ED24F-DB9C-4575-B687-B97CF839F714}"
EndProject
Global
	GlobalSection(SolutionConfigurationPlatforms) = preSolution
		Debug|Any CPU = Debug|Any CPU
		Debug|x64 = Debug|x64
		Debug|x86 = Debug|x86
		Release|Any CPU = Release|Any CPU
		Release|x64 = Release|x64
		Release|x86 = Release|x86
	EndGlobalSection
	GlobalSection(ProjectConfigurationPlatforms) = postSolution
		{4C9FBDED-B90D-47E0-B8AE-DA8F53A08305}.Debug|Any CPU.ActiveCfg = Debug|Any CPU
		{4C9FBDED-B90D-47E0-B8AE-DA8F53A08305}.Debug|Any CPU.Build.0 = Debug|Any CPU
		{4C9FBDED-B90D-47E0-B8AE-DA8F53A08305}.Debug|x64.ActiveCfg = Debug|Any CPU
		{4C9FBDED-B90D-47E0-B8AE-DA8F53A08305}.Debug|x64.Build.0 = Debug|Any CPU
		{4C9FBDED-B90D-47E0-B8AE-DA8F53A08305}.Debug|x86.ActiveCfg = Debug|Any CPU
		{4C9FBDED-B90D-47E0-B8AE-DA8F53A08305}.Debug|x86.Build.0 = Debug|Any CPU
		{4C9FBDED-B90D-47E0-B8AE-DA8F53A08305}.Release|Any CPU.ActiveCfg = Release|Any CPU
		{4C9FBDED-B90D-47E0-B8AE-DA8F53A08305}.Release|Any CPU.Build.0 = Release|Any CPU
		{4C9FBDED-B90D-47E0-B8AE-DA8F53A08305}.Release|x64.ActiveCfg = Release|Any CPU
		{4C9FBDED-B90D-47E0-B8AE-DA8F53A08305}.Release|x64.Build.0 = Release|Any CPU
		{4C9FBDED-B90D-47E0-B8AE-DA8F53A08305}.Release|x86.ActiveCfg = Release|Any CPU
		{4C9FBDED-B90D-47E0-B8AE-DA8F53A08305}.Release|x86.Build.0 = Release|Any CPU
		{E16ED24F-DB9C-4575-B687-B97CF839F714}.Debug|Any CPU.ActiveCfg = Debug|Any CPU
		{E16ED24F-DB9C-4575-B687-B97CF839F714}.Debug|Any CPU.Build.0 = Debug|Any CPU
		{E16ED24F-DB9C-4575-B687-B97CF839F714}.Debug|x64.ActiveCfg = Debug|Any CPU
		{E16ED24F-DB9C-4575-B687-B97CF839F714}.Debug|x64.Build.0 = Debug|Any CPU
		{E16ED24F-DB9C-4575-B687-B97CF839F714}.Debug|x86.ActiveCfg = Debug|Any CPU
		{E16ED24F-DB9C-4575-B687-B97CF839F714}.Debug|x86.Build.0 = Debug|Any CPU
		{E16ED24F-DB9C-4575-B687-B97CF839F714}.Release|Any CPU.ActiveCfg = Release|Any CPU
		{E16ED24F-DB9C-4575-B687-B97CF839F714}.Release|Any CPU.Build.0 = Release|Any CPU
		{E16ED24F-DB9C-4575-B687-B97CF839F714}.Release|x64.ActiveCfg = Release|Any CPU
		{E16ED24F-DB9C-4575-B687-B97CF839F714}.Release|x64.Build.0 = Release|Any CPU
		{E16ED24F-DB9C-4575-B687-B97CF839F714}.Release|x86.ActiveCfg = Release|Any CPU
		{E16ED24F-DB9C-4575-B687-B97CF839F714}.Release|x86.Build.0 = Release|Any CPU
	EndGlobalSection
	GlobalSection(SolutionProperties) = preSolution
		HideSolutionNode = FALSE
	EndGlobalSection
	GlobalSection(NestedProjects) = preSolution
		{4C9FBDED-B90D-47E0-B8AE-DA8F53A08305} = {1E84F670-C74D-48BF-A9A7-97859D507931}
		{E16ED24F-DB9C-4575-B687-B97CF839F714} = {1F8105E4-6071-413C-91AD-C522C31DFA33}
	EndGlobalSection
EndGlobal
